
Microsoft Visual Studio Solution File, Format Version 12.00
# Visual Studio Version 17
VisualStudioVersion = 17.8.34511.84
MinimumVisualStudioVersion = 10.0.40219.1
Project("{9A19103F-16F7-4668-BE54-9A1E7A4F7556}") = "Parser", "Parser\Parser.csproj", "{B660CEF4-ECD1-4440-82F7-3A04D6573EBE}"
EndProject
Global
	GlobalSection(SolutionConfigurationPlatforms) = preSolution
		Debug|Any CPU = Debug|Any CPU
		Release|Any CPU = Release|Any CPU
	EndGlobalSection
	GlobalSection(ProjectConfigurationPlatforms) = postSolution
		{B660CEF4-ECD1-4440-82F7-3A04D6573EBE}.Debug|Any CPU.ActiveCfg = Debug|Any CPU
		{B660CEF4-ECD1-4440-82F7-3A04D6573EBE}.Debug|Any CPU.Build.0 = Debug|Any CPU
		{B660CEF4-ECD1-4440-82F7-3A04D6573EBE}.Release|Any CPU.ActiveCfg = Release|Any CPU
		{B660CEF4-ECD1-4440-82F7-3A04D6573EBE}.Release|Any CPU.Build.0 = Release|Any CPU
	EndGlobalSection
	GlobalSection(SolutionProperties) = preSolution
		HideSolutionNode = FALSE
	EndGlobalSection
	GlobalSection(ExtensibilityGlobals) = postSolution
		SolutionGuid = {2E7ACA01-510A-4642-8805-822D79A3E80F}
	EndGlobalSection
EndGlobal
